
Microsoft Visual Studio Solution File, Format Version 10.00
# Visual Studio 2008
Project("{8BC9CEB8-8B4A-11D0-8D11-00A0C91BC942}") = "ex01", "ex01\ex01.vcproj", "{2CD11C1A-B9F5-42C0-8E67-0347922E6679}"
EndProject
Global
	GlobalSection(SolutionConfigurationPlatforms) = preSolution
		Debug|Win32 = Debug|Win32
		Release|Win32 = Release|Win32
	EndGlobalSection
	GlobalSection(ProjectConfigurationPlatforms) = postSolution
		{2CD11C1A-B9F5-42C0-8E67-0347922E6679}.Debug|Win32.ActiveCfg = Debug|Win32
		{2CD11C1A-B9F5-42C0-8E67-0347922E6679}.Debug|Win32.Build.0 = Debug|Win32
		{2CD11C1A-B9F5-42C0-8E67-0347922E6679}.Release|Win32.ActiveCfg = Release|Win32
		{2CD11C1A-B9F5-42C0-8E67-0347922E6679}.Release|Win32.Build.0 = Release|Win32
	EndGlobalSection
	GlobalSection(SolutionProperties) = preSolution
		HideSolutionNode = FALSE
	EndGlobalSection
EndGlobal
